// !$*UTF8*$!
{
	archiveVersion = 1;
	classes = {
	};
	objectVersion = 56;
	objects = {

/* Begin PBXBuildFile section */
		A3471C082AA9CF3E00076AC2 /* TCA_Basics_TutorialApp.swift in Sources */ = {isa = PBXBuildFile; fileRef = A3471C072AA9CF3E00076AC2 /* TCA_Basics_TutorialApp.swift */; };
		A3471C0C2AA9CF4000076AC2 /* Assets.xcassets in Resources */ = {isa = PBXBuildFile; fileRef = A3471C0B2AA9CF4000076AC2 /* Assets.xcassets */; };
		A3471C0F2AA9CF4000076AC2 /* Preview Assets.xcassets in Resources */ = {isa = PBXBuildFile; fileRef = A3471C0E2AA9CF4000076AC2 /* Preview Assets.xcassets */; };
		A3471C192AA9CF4000076AC2 /* TCA_Basics_TutorialTests.swift in Sources */ = {isa = PBXBuildFile; fileRef = A3471C182AA9CF4000076AC2 /* TCA_Basics_TutorialTests.swift */; };
		A3471C232AA9CF4000076AC2 /* TCA_Basics_TutorialUITests.swift in Sources */ = {isa = PBXBuildFile; fileRef = A3471C222AA9CF4000076AC2 /* TCA_Basics_TutorialUITests.swift */; };
		A3471C252AA9CF4000076AC2 /* TCA_Basics_TutorialUITestsLaunchTests.swift in Sources */ = {isa = PBXBuildFile; fileRef = A3471C242AA9CF4000076AC2 /* TCA_Basics_TutorialUITestsLaunchTests.swift */; };
		A3471C332AA9D12500076AC2 /* ComposableArchitecture in Frameworks */ = {isa = PBXBuildFile; productRef = A3471C322AA9D12500076AC2 /* ComposableArchitecture */; };
		A3471C362AA9E75000076AC2 /* AddToCartDomain.swift in Sources */ = {isa = PBXBuildFile; fileRef = A3471C352AA9E75000076AC2 /* AddToCartDomain.swift */; };
		A3471C3D2AAA031400076AC2 /* PlusMinusButton.swift in Sources */ = {isa = PBXBuildFile; fileRef = A3471C3C2AAA031400076AC2 /* PlusMinusButton.swift */; };
		A3471C3F2AAA03E600076AC2 /* AddToCardButton.swift in Sources */ = {isa = PBXBuildFile; fileRef = A3471C3E2AAA03E600076AC2 /* AddToCardButton.swift */; };
		A3471C412AAA05AA00076AC2 /* Product.swift in Sources */ = {isa = PBXBuildFile; fileRef = A3471C402AAA05AA00076AC2 /* Product.swift */; };
		A3471C432AAA05EE00076AC2 /* ProductDomain.swift in Sources */ = {isa = PBXBuildFile; fileRef = A3471C422AAA05EE00076AC2 /* ProductDomain.swift */; };
		A3471C452AAA117200076AC2 /* ProductCell.swift in Sources */ = {isa = PBXBuildFile; fileRef = A3471C442AAA117200076AC2 /* ProductCell.swift */; };
		A3471C492AAA267A00076AC2 /* ProductListDomain.swift in Sources */ = {isa = PBXBuildFile; fileRef = A3471C482AAA267A00076AC2 /* ProductListDomain.swift */; };
		A3471C4B2AAB13EC00076AC2 /* ProductListView.swift in Sources */ = {isa = PBXBuildFile; fileRef = A3471C4A2AAB13EC00076AC2 /* ProductListView.swift */; };
		A3471C4E2AAB1ED700076AC2 /* CartListView.swift in Sources */ = {isa = PBXBuildFile; fileRef = A3471C4D2AAB1ED700076AC2 /* CartListView.swift */; };
		A361EAED2AB0ABEE00F96707 /* CartItem.swift in Sources */ = {isa = PBXBuildFile; fileRef = A361EAEC2AB0ABEE00F96707 /* CartItem.swift */; };
		A361EAEF2AB0AC8C00F96707 /* CartItemDomain.swift in Sources */ = {isa = PBXBuildFile; fileRef = A361EAEE2AB0AC8C00F96707 /* CartItemDomain.swift */; };
		A361EAF12AB0ADF900F96707 /* CartListDomain.swift in Sources */ = {isa = PBXBuildFile; fileRef = A361EAF02AB0ADF900F96707 /* CartListDomain.swift */; };
		A39360C22AD046B9007D9861 /* APIClient.swift in Sources */ = {isa = PBXBuildFile; fileRef = A39360C12AD046B9007D9861 /* APIClient.swift */; };
		A3FAFBF32AB9AF8E00CBA5AD /* CartCell.swift in Sources */ = {isa = PBXBuildFile; fileRef = A3FAFBF22AB9AF8E00CBA5AD /* CartCell.swift */; };
/* End PBXBuildFile section */

/* Begin PBXContainerItemProxy section */
		A3471C152AA9CF4000076AC2 /* PBXContainerItemProxy */ = {
			isa = PBXContainerItemProxy;
			containerPortal = A3471BFC2AA9CF3E00076AC2 /* Project object */;
			proxyType = 1;
			remoteGlobalIDString = A3471C032AA9CF3E00076AC2;
			remoteInfo = TCA_Basics_Tutorial;
		};
		A3471C1F2AA9CF4000076AC2 /* PBXContainerItemProxy */ = {
			isa = PBXContainerItemProxy;
			containerPortal = A3471BFC2AA9CF3E00076AC2 /* Project object */;
			proxyType = 1;
			remoteGlobalIDString = A3471C032AA9CF3E00076AC2;
			remoteInfo = TCA_Basics_Tutorial;
		};
/* End PBXContainerItemProxy section */

/* Begin PBXFileReference section */
		A3471C042AA9CF3E00076AC2 /* TCA_Basics_Tutorial.app */ = {isa = PBXFileReference; explicitFileType = wrapper.application; includeInIndex = 0; path = TCA_Basics_Tutorial.app; sourceTree = BUILT_PRODUCTS_DIR; };
		A3471C072AA9CF3E00076AC2 /* TCA_Basics_TutorialApp.swift */ = {isa = PBXFileReference; lastKnownFileType = sourcecode.swift; path = TCA_Basics_TutorialApp.swift; sourceTree = "<group>"; };
		A3471C0B2AA9CF4000076AC2 /* Assets.xcassets */ = {isa = PBXFileReference; lastKnownFileType = folder.assetcatalog; path = Assets.xcassets; sourceTree = "<group>"; };
		A3471C0E2AA9CF4000076AC2 /* Preview Assets.xcassets */ = {isa = PBXFileReference; lastKnownFileType = folder.assetcatalog; path = "Preview Assets.xcassets"; sourceTree = "<group>"; };
		A3471C142AA9CF4000076AC2 /* TCA_Basics_TutorialTests.xctest */ = {isa = PBXFileReference; explicitFileType = wrapper.cfbundle; includeInIndex = 0; path = TCA_Basics_TutorialTests.xctest; sourceTree = BUILT_PRODUCTS_DIR; };
		A3471C182AA9CF4000076AC2 /* TCA_Basics_TutorialTests.swift */ = {isa = PBXFileReference; lastKnownFileType = sourcecode.swift; path = TCA_Basics_TutorialTests.swift; sourceTree = "<group>"; };
		A3471C1E2AA9CF4000076AC2 /* TCA_Basics_TutorialUITests.xctest */ = {isa = PBXFileReference; explicitFileType = wrapper.cfbundle; includeInIndex = 0; path = TCA_Basics_TutorialUITests.xctest; sourceTree = BUILT_PRODUCTS_DIR; };
		A3471C222AA9CF4000076AC2 /* TCA_Basics_TutorialUITests.swift */ = {isa = PBXFileReference; lastKnownFileType = sourcecode.swift; path = TCA_Basics_TutorialUITests.swift; sourceTree = "<group>"; };
		A3471C242AA9CF4000076AC2 /* TCA_Basics_TutorialUITestsLaunchTests.swift */ = {isa = PBXFileReference; lastKnownFileType = sourcecode.swift; path = TCA_Basics_TutorialUITestsLaunchTests.swift; sourceTree = "<group>"; };
		A3471C352AA9E75000076AC2 /* AddToCartDomain.swift */ = {isa = PBXFileReference; lastKnownFileType = sourcecode.swift; path = AddToCartDomain.swift; sourceTree = "<group>"; };
		A3471C3C2AAA031400076AC2 /* PlusMinusButton.swift */ = {isa = PBXFileReference; lastKnownFileType = sourcecode.swift; path = PlusMinusButton.swift; sourceTree = "<group>"; };
		A3471C3E2AAA03E600076AC2 /* AddToCardButton.swift */ = {isa = PBXFileReference; lastKnownFileType = sourcecode.swift; path = AddToCardButton.swift; sourceTree = "<group>"; };
		A3471C402AAA05AA00076AC2 /* Product.swift */ = {isa = PBXFileReference; lastKnownFileType = sourcecode.swift; path = Product.swift; sourceTree = "<group>"; };
		A3471C422AAA05EE00076AC2 /* ProductDomain.swift */ = {isa = PBXFileReference; lastKnownFileType = sourcecode.swift; path = ProductDomain.swift; sourceTree = "<group>"; };
		A3471C442AAA117200076AC2 /* ProductCell.swift */ = {isa = PBXFileReference; lastKnownFileType = sourcecode.swift; path = ProductCell.swift; sourceTree = "<group>"; };
		A3471C482AAA267A00076AC2 /* ProductListDomain.swift */ = {isa = PBXFileReference; lastKnownFileType = sourcecode.swift; path = ProductListDomain.swift; sourceTree = "<group>"; };
		A3471C4A2AAB13EC00076AC2 /* ProductListView.swift */ = {isa = PBXFileReference; lastKnownFileType = sourcecode.swift; path = ProductListView.swift; sourceTree = "<group>"; };
		A3471C4D2AAB1ED700076AC2 /* CartListView.swift */ = {isa = PBXFileReference; lastKnownFileType = sourcecode.swift; path = CartListView.swift; sourceTree = "<group>"; };
		A361EAEC2AB0ABEE00F96707 /* CartItem.swift */ = {isa = PBXFileReference; lastKnownFileType = sourcecode.swift; path = CartItem.swift; sourceTree = "<group>"; };
		A361EAEE2AB0AC8C00F96707 /* CartItemDomain.swift */ = {isa = PBXFileReference; lastKnownFileType = sourcecode.swift; path = CartItemDomain.swift; sourceTree = "<group>"; };
		A361EAF02AB0ADF900F96707 /* CartListDomain.swift */ = {isa = PBXFileReference; lastKnownFileType = sourcecode.swift; path = CartListDomain.swift; sourceTree = "<group>"; };
		A39360C12AD046B9007D9861 /* APIClient.swift */ = {isa = PBXFileReference; lastKnownFileType = sourcecode.swift; path = APIClient.swift; sourceTree = "<group>"; };
		A3FAFBF22AB9AF8E00CBA5AD /* CartCell.swift */ = {isa = PBXFileReference; lastKnownFileType = sourcecode.swift; path = CartCell.swift; sourceTree = "<group>"; };
/* End PBXFileReference section */

/* Begin PBXFrameworksBuildPhase section */
		A3471C012AA9CF3E00076AC2 /* Frameworks */ = {
			isa = PBXFrameworksBuildPhase;
			buildActionMask = 2147483647;
			files = (
				A3471C332AA9D12500076AC2 /* ComposableArchitecture in Frameworks */,
			);
			runOnlyForDeploymentPostprocessing = 0;
		};
		A3471C112AA9CF4000076AC2 /* Frameworks */ = {
			isa = PBXFrameworksBuildPhase;
			buildActionMask = 2147483647;
			files = (
			);
			runOnlyForDeploymentPostprocessing = 0;
		};
		A3471C1B2AA9CF4000076AC2 /* Frameworks */ = {
			isa = PBXFrameworksBuildPhase;
			buildActionMask = 2147483647;
			files = (
			);
			runOnlyForDeploymentPostprocessing = 0;
		};
/* End PBXFrameworksBuildPhase section */

/* Begin PBXGroup section */
		A3471BFB2AA9CF3E00076AC2 = {
			isa = PBXGroup;
			children = (
				A39360C02AD046A1007D9861 /* Networking */,
				A3471C062AA9CF3E00076AC2 /* TCA_Basics_Tutorial */,
				A3471C172AA9CF4000076AC2 /* TCA_Basics_TutorialTests */,
				A3471C212AA9CF4000076AC2 /* TCA_Basics_TutorialUITests */,
				A3471C052AA9CF3E00076AC2 /* Products */,
			);
			sourceTree = "<group>";
		};
		A3471C052AA9CF3E00076AC2 /* Products */ = {
			isa = PBXGroup;
			children = (
				A3471C042AA9CF3E00076AC2 /* TCA_Basics_Tutorial.app */,
				A3471C142AA9CF4000076AC2 /* TCA_Basics_TutorialTests.xctest */,
				A3471C1E2AA9CF4000076AC2 /* TCA_Basics_TutorialUITests.xctest */,
			);
			name = Products;
			sourceTree = "<group>";
		};
		A3471C062AA9CF3E00076AC2 /* TCA_Basics_Tutorial */ = {
			isa = PBXGroup;
			children = (
				A3471C072AA9CF3E00076AC2 /* TCA_Basics_TutorialApp.swift */,
				A3471C4C2AAB1EBD00076AC2 /* CartList */,
				A3471C462AAA264F00076AC2 /* ProductList */,
				A3471C3B2AA9F9B000076AC2 /* Products */,
				A3471C342AA9E73400076AC2 /* AddToCart */,
				A3471C0B2AA9CF4000076AC2 /* Assets.xcassets */,
				A3471C0D2AA9CF4000076AC2 /* Preview Content */,
			);
			path = TCA_Basics_Tutorial;
			sourceTree = "<group>";
		};
		A3471C0D2AA9CF4000076AC2 /* Preview Content */ = {
			isa = PBXGroup;
			children = (
				A3471C0E2AA9CF4000076AC2 /* Preview Assets.xcassets */,
			);
			path = "Preview Content";
			sourceTree = "<group>";
		};
		A3471C172AA9CF4000076AC2 /* TCA_Basics_TutorialTests */ = {
			isa = PBXGroup;
			children = (
				A3471C182AA9CF4000076AC2 /* TCA_Basics_TutorialTests.swift */,
			);
			path = TCA_Basics_TutorialTests;
			sourceTree = "<group>";
		};
		A3471C212AA9CF4000076AC2 /* TCA_Basics_TutorialUITests */ = {
			isa = PBXGroup;
			children = (
				A3471C222AA9CF4000076AC2 /* TCA_Basics_TutorialUITests.swift */,
				A3471C242AA9CF4000076AC2 /* TCA_Basics_TutorialUITestsLaunchTests.swift */,
			);
			path = TCA_Basics_TutorialUITests;
			sourceTree = "<group>";
		};
		A3471C342AA9E73400076AC2 /* AddToCart */ = {
			isa = PBXGroup;
			children = (
				A3471C352AA9E75000076AC2 /* AddToCartDomain.swift */,
				A3471C3C2AAA031400076AC2 /* PlusMinusButton.swift */,
				A3471C3E2AAA03E600076AC2 /* AddToCardButton.swift */,
			);
			path = AddToCart;
			sourceTree = "<group>";
		};
		A3471C372AA9F7F000076AC2 /* Product */ = {
			isa = PBXGroup;
			children = (
				A3471C402AAA05AA00076AC2 /* Product.swift */,
				A3471C422AAA05EE00076AC2 /* ProductDomain.swift */,
				A3471C442AAA117200076AC2 /* ProductCell.swift */,
			);
			path = Product;
			sourceTree = "<group>";
		};
		A3471C3B2AA9F9B000076AC2 /* Products */ = {
			isa = PBXGroup;
			children = (
				A3471C372AA9F7F000076AC2 /* Product */,
			);
			path = Products;
			sourceTree = "<group>";
		};
		A3471C462AAA264F00076AC2 /* ProductList */ = {
			isa = PBXGroup;
			children = (
				A3471C482AAA267A00076AC2 /* ProductListDomain.swift */,
				A3471C4A2AAB13EC00076AC2 /* ProductListView.swift */,
			);
			path = ProductList;
			sourceTree = "<group>";
		};
		A3471C4C2AAB1EBD00076AC2 /* CartList */ = {
			isa = PBXGroup;
			children = (
				A361EAEB2AB0ABDD00F96707 /* CartItem */,
				A3471C4D2AAB1ED700076AC2 /* CartListView.swift */,
				A361EAF02AB0ADF900F96707 /* CartListDomain.swift */,
			);
			path = CartList;
			sourceTree = "<group>";
		};
		A361EAEB2AB0ABDD00F96707 /* CartItem */ = {
			isa = PBXGroup;
			children = (
				A361EAEC2AB0ABEE00F96707 /* CartItem.swift */,
				A361EAEE2AB0AC8C00F96707 /* CartItemDomain.swift */,
				A3FAFBF22AB9AF8E00CBA5AD /* CartCell.swift */,
			);
			path = CartItem;
			sourceTree = "<group>";
		};
		A39360C02AD046A1007D9861 /* Networking */ = {
			isa = PBXGroup;
			children = (
				A39360C12AD046B9007D9861 /* APIClient.swift */,
			);
			path = Networking;
			sourceTree = "<group>";
		};
/* End PBXGroup section */

/* Begin PBXNativeTarget section */
		A3471C032AA9CF3E00076AC2 /* TCA_Basics_Tutorial */ = {
			isa = PBXNativeTarget;
			buildConfigurationList = A3471C282AA9CF4000076AC2 /* Build configuration list for PBXNativeTarget "TCA_Basics_Tutorial" */;
			buildPhases = (
				A3471C002AA9CF3E00076AC2 /* Sources */,
				A3471C012AA9CF3E00076AC2 /* Frameworks */,
				A3471C022AA9CF3E00076AC2 /* Resources */,
			);
			buildRules = (
			);
			dependencies = (
			);
			name = TCA_Basics_Tutorial;
			packageProductDependencies = (
				A3471C322AA9D12500076AC2 /* ComposableArchitecture */,
			);
			productName = TCA_Basics_Tutorial;
			productReference = A3471C042AA9CF3E00076AC2 /* TCA_Basics_Tutorial.app */;
			productType = "com.apple.product-type.application";
		};
		A3471C132AA9CF4000076AC2 /* TCA_Basics_TutorialTests */ = {
			isa = PBXNativeTarget;
			buildConfigurationList = A3471C2B2AA9CF4000076AC2 /* Build configuration list for PBXNativeTarget "TCA_Basics_TutorialTests" */;
			buildPhases = (
				A3471C102AA9CF4000076AC2 /* Sources */,
				A3471C112AA9CF4000076AC2 /* Frameworks */,
				A3471C122AA9CF4000076AC2 /* Resources */,
			);
			buildRules = (
			);
			dependencies = (
				A3471C162AA9CF4000076AC2 /* PBXTargetDependency */,
			);
			name = TCA_Basics_TutorialTests;
			productName = TCA_Basics_TutorialTests;
			productReference = A3471C142AA9CF4000076AC2 /* TCA_Basics_TutorialTests.xctest */;
			productType = "com.apple.product-type.bundle.unit-test";
		};
		A3471C1D2AA9CF4000076AC2 /* TCA_Basics_TutorialUITests */ = {
			isa = PBXNativeTarget;
			buildConfigurationList = A3471C2E2AA9CF4000076AC2 /* Build configuration list for PBXNativeTarget "TCA_Basics_TutorialUITests" */;
			buildPhases = (
				A3471C1A2AA9CF4000076AC2 /* Sources */,
				A3471C1B2AA9CF4000076AC2 /* Frameworks */,
				A3471C1C2AA9CF4000076AC2 /* Resources */,
			);
			buildRules = (
			);
			dependencies = (
				A3471C202AA9CF4000076AC2 /* PBXTargetDependency */,
			);
			name = TCA_Basics_TutorialUITests;
			productName = TCA_Basics_TutorialUITests;
			productReference = A3471C1E2AA9CF4000076AC2 /* TCA_Basics_TutorialUITests.xctest */;
			productType = "com.apple.product-type.bundle.ui-testing";
		};
/* End PBXNativeTarget section */

/* Begin PBXProject section */
		A3471BFC2AA9CF3E00076AC2 /* Project object */ = {
			isa = PBXProject;
			attributes = {
				BuildIndependentTargetsInParallel = 1;
				LastSwiftUpdateCheck = 1500;
				LastUpgradeCheck = 1500;
				TargetAttributes = {
					A3471C032AA9CF3E00076AC2 = {
						CreatedOnToolsVersion = 15.0;
					};
					A3471C132AA9CF4000076AC2 = {
						CreatedOnToolsVersion = 15.0;
						TestTargetID = A3471C032AA9CF3E00076AC2;
					};
					A3471C1D2AA9CF4000076AC2 = {
						CreatedOnToolsVersion = 15.0;
						TestTargetID = A3471C032AA9CF3E00076AC2;
					};
				};
			};
			buildConfigurationList = A3471BFF2AA9CF3E00076AC2 /* Build configuration list for PBXProject "TCA_Basics_Tutorial" */;
			compatibilityVersion = "Xcode 14.0";
			developmentRegion = en;
			hasScannedForEncodings = 0;
			knownRegions = (
				en,
				Base,
			);
			mainGroup = A3471BFB2AA9CF3E00076AC2;
			packageReferences = (
				A3471C312AA9D12500076AC2 /* XCRemoteSwiftPackageReference "swift-composable-architecture" */,
			);
			productRefGroup = A3471C052AA9CF3E00076AC2 /* Products */;
			projectDirPath = "";
			projectRoot = "";
			targets = (
				A3471C032AA9CF3E00076AC2 /* TCA_Basics_Tutorial */,
				A3471C132AA9CF4000076AC2 /* TCA_Basics_TutorialTests */,
				A3471C1D2AA9CF4000076AC2 /* TCA_Basics_TutorialUITests */,
			);
		};
/* End PBXProject section */

/* Begin PBXResourcesBuildPhase section */
		A3471C022AA9CF3E00076AC2 /* Resources */ = {
			isa = PBXResourcesBuildPhase;
			buildActionMask = 2147483647;
			files = (
				A3471C0F2AA9CF4000076AC2 /* Preview Assets.xcassets in Resources */,
				A3471C0C2AA9CF4000076AC2 /* Assets.xcassets in Resources */,
			);
			runOnlyForDeploymentPostprocessing = 0;
		};
		A3471C122AA9CF4000076AC2 /* Resources */ = {
			isa = PBXResourcesBuildPhase;
			buildActionMask = 2147483647;
			files = (
			);
			runOnlyForDeploymentPostprocessing = 0;
		};
		A3471C1C2AA9CF4000076AC2 /* Resources */ = {
			isa = PBXResourcesBuildPhase;
			buildActionMask = 2147483647;
			files = (
			);
			runOnlyForDeploymentPostprocessing = 0;
		};
/* End PBXResourcesBuildPhase section */

/* Begin PBXSourcesBuildPhase section */
		A3471C002AA9CF3E00076AC2 /* Sources */ = {
			isa = PBXSourcesBuildPhase;
			buildActionMask = 2147483647;
			files = (
				A3471C4E2AAB1ED700076AC2 /* CartListView.swift in Sources */,
				A3FAFBF32AB9AF8E00CBA5AD /* CartCell.swift in Sources */,
				A3471C3D2AAA031400076AC2 /* PlusMinusButton.swift in Sources */,
				A361EAED2AB0ABEE00F96707 /* CartItem.swift in Sources */,
				A3471C432AAA05EE00076AC2 /* ProductDomain.swift in Sources */,
				A3471C362AA9E75000076AC2 /* AddToCartDomain.swift in Sources */,
				A3471C412AAA05AA00076AC2 /* Product.swift in Sources */,
				A3471C3F2AAA03E600076AC2 /* AddToCardButton.swift in Sources */,
				A39360C22AD046B9007D9861 /* APIClient.swift in Sources */,
				A361EAF12AB0ADF900F96707 /* CartListDomain.swift in Sources */,
				A3471C452AAA117200076AC2 /* ProductCell.swift in Sources */,
				A361EAEF2AB0AC8C00F96707 /* CartItemDomain.swift in Sources */,
				A3471C4B2AAB13EC00076AC2 /* ProductListView.swift in Sources */,
				A3471C082AA9CF3E00076AC2 /* TCA_Basics_TutorialApp.swift in Sources */,
				A3471C492AAA267A00076AC2 /* ProductListDomain.swift in Sources */,
			);
			runOnlyForDeploymentPostprocessing = 0;
		};
		A3471C102AA9CF4000076AC2 /* Sources */ = {
			isa = PBXSourcesBuildPhase;
			buildActionMask = 2147483647;
			files = (
				A3471C192AA9CF4000076AC2 /* TCA_Basics_TutorialTests.swift in Sources */,
			);
			runOnlyForDeploymentPostprocessing = 0;
		};
		A3471C1A2AA9CF4000076AC2 /* Sources */ = {
			isa = PBXSourcesBuildPhase;
			buildActionMask = 2147483647;
			files = (
				A3471C252AA9CF4000076AC2 /* TCA_Basics_TutorialUITestsLaunchTests.swift in Sources */,
				A3471C232AA9CF4000076AC2 /* TCA_Basics_TutorialUITests.swift in Sources */,
			);
			runOnlyForDeploymentPostprocessing = 0;
		};
/* End PBXSourcesBuildPhase section */

/* Begin PBXTargetDependency section */
		A3471C162AA9CF4000076AC2 /* PBXTargetDependency */ = {
			isa = PBXTargetDependency;
			target = A3471C032AA9CF3E00076AC2 /* TCA_Basics_Tutorial */;
			targetProxy = A3471C152AA9CF4000076AC2 /* PBXContainerItemProxy */;
		};
		A3471C202AA9CF4000076AC2 /* PBXTargetDependency */ = {
			isa = PBXTargetDependency;
			target = A3471C032AA9CF3E00076AC2 /* TCA_Basics_Tutorial */;
			targetProxy = A3471C1F2AA9CF4000076AC2 /* PBXContainerItemProxy */;
		};
/* End PBXTargetDependency section */

/* Begin XCBuildConfiguration section */
		A3471C262AA9CF4000076AC2 /* Debug */ = {
			isa = XCBuildConfiguration;
			buildSettings = {
				ALWAYS_SEARCH_USER_PATHS = NO;
				ASSETCATALOG_COMPILER_GENERATE_SWIFT_ASSET_SYMBOL_EXTENSIONS = YES;
				CLANG_ANALYZER_NONNULL = YES;
				CLANG_ANALYZER_NUMBER_OBJECT_CONVERSION = YES_AGGRESSIVE;
				CLANG_CXX_LANGUAGE_STANDARD = "gnu++20";
				CLANG_ENABLE_MODULES = YES;
				CLANG_ENABLE_OBJC_ARC = YES;
				CLANG_ENABLE_OBJC_WEAK = YES;
				CLANG_WARN_BLOCK_CAPTURE_AUTORELEASING = YES;
				CLANG_WARN_BOOL_CONVERSION = YES;
				CLANG_WARN_COMMA = YES;
				CLANG_WARN_CONSTANT_CONVERSION = YES;
				CLANG_WARN_DEPRECATED_OBJC_IMPLEMENTATIONS = YES;
				CLANG_WARN_DIRECT_OBJC_ISA_USAGE = YES_ERROR;
				CLANG_WARN_DOCUMENTATION_COMMENTS = YES;
				CLANG_WARN_EMPTY_BODY = YES;
				CLANG_WARN_ENUM_CONVERSION = YES;
				CLANG_WARN_INFINITE_RECURSION = YES;
				CLANG_WARN_INT_CONVERSION = YES;
				CLANG_WARN_NON_LITERAL_NULL_CONVERSION = YES;
				CLANG_WARN_OBJC_IMPLICIT_RETAIN_SELF = YES;
				CLANG_WARN_OBJC_LITERAL_CONVERSION = YES;
				CLANG_WARN_OBJC_ROOT_CLASS = YES_ERROR;
				CLANG_WARN_QUOTED_INCLUDE_IN_FRAMEWORK_HEADER = YES;
				CLANG_WARN_RANGE_LOOP_ANALYSIS = YES;
				CLANG_WARN_STRICT_PROTOTYPES = YES;
				CLANG_WARN_SUSPICIOUS_MOVE = YES;
				CLANG_WARN_UNGUARDED_AVAILABILITY = YES_AGGRESSIVE;
				CLANG_WARN_UNREACHABLE_CODE = YES;
				CLANG_WARN__DUPLICATE_METHOD_MATCH = YES;
				COPY_PHASE_STRIP = NO;
				DEBUG_INFORMATION_FORMAT = dwarf;
				ENABLE_STRICT_OBJC_MSGSEND = YES;
				ENABLE_TESTABILITY = YES;
				ENABLE_USER_SCRIPT_SANDBOXING = YES;
				GCC_C_LANGUAGE_STANDARD = gnu17;
				GCC_DYNAMIC_NO_PIC = NO;
				GCC_NO_COMMON_BLOCKS = YES;
				GCC_OPTIMIZATION_LEVEL = 0;
				GCC_PREPROCESSOR_DEFINITIONS = (
					"DEBUG=1",
					"$(inherited)",
				);
				GCC_WARN_64_TO_32_BIT_CONVERSION = YES;
				GCC_WARN_ABOUT_RETURN_TYPE = YES_ERROR;
				GCC_WARN_UNDECLARED_SELECTOR = YES;
				GCC_WARN_UNINITIALIZED_AUTOS = YES_AGGRESSIVE;
				GCC_WARN_UNUSED_FUNCTION = YES;
				GCC_WARN_UNUSED_VARIABLE = YES;
				IPHONEOS_DEPLOYMENT_TARGET = 17.0;
				LOCALIZATION_PREFERS_STRING_CATALOGS = YES;
				MTL_ENABLE_DEBUG_INFO = INCLUDE_SOURCE;
				MTL_FAST_MATH = YES;
				ONLY_ACTIVE_ARCH = YES;
				SDKROOT = iphoneos;
				SWIFT_ACTIVE_COMPILATION_CONDITIONS = "DEBUG $(inherited)";
				SWIFT_OPTIMIZATION_LEVEL = "-Onone";
			};
			name = Debug;
		};
		A3471C272AA9CF4000076AC2 /* Release */ = {
			isa = XCBuildConfiguration;
			buildSettings = {
				ALWAYS_SEARCH_USER_PATHS = NO;
				ASSETCATALOG_COMPILER_GENERATE_SWIFT_ASSET_SYMBOL_EXTENSIONS = YES;
				CLANG_ANALYZER_NONNULL = YES;
				CLANG_ANALYZER_NUMBER_OBJECT_CONVERSION = YES_AGGRESSIVE;
				CLANG_CXX_LANGUAGE_STANDARD = "gnu++20";
				CLANG_ENABLE_MODULES = YES;
				CLANG_ENABLE_OBJC_ARC = YES;
				CLANG_ENABLE_OBJC_WEAK = YES;
				CLANG_WARN_BLOCK_CAPTURE_AUTORELEASING = YES;
				CLANG_WARN_BOOL_CONVERSION = YES;
				CLANG_WARN_COMMA = YES;
				CLANG_WARN_CONSTANT_CONVERSION = YES;
				CLANG_WARN_DEPRECATED_OBJC_IMPLEMENTATIONS = YES;
				CLANG_WARN_DIRECT_OBJC_ISA_USAGE = YES_ERROR;
				CLANG_WARN_DOCUMENTATION_COMMENTS = YES;
				CLANG_WARN_EMPTY_BODY = YES;
				CLANG_WARN_ENUM_CONVERSION = YES;
				CLANG_WARN_INFINITE_RECURSION = YES;
				CLANG_WARN_INT_CONVERSION = YES;
				CLANG_WARN_NON_LITERAL_NULL_CONVERSION = YES;
				CLANG_WARN_OBJC_IMPLICIT_RETAIN_SELF = YES;
				CLANG_WARN_OBJC_LITERAL_CONVERSION = YES;
				CLANG_WARN_OBJC_ROOT_CLASS = YES_ERROR;
				CLANG_WARN_QUOTED_INCLUDE_IN_FRAMEWORK_HEADER = YES;
				CLANG_WARN_RANGE_LOOP_ANALYSIS = YES;
				CLANG_WARN_STRICT_PROTOTYPES = YES;
				CLANG_WARN_SUSPICIOUS_MOVE = YES;
				CLANG_WARN_UNGUARDED_AVAILABILITY = YES_AGGRESSIVE;
				CLANG_WARN_UNREACHABLE_CODE = YES;
				CLANG_WARN__DUPLICATE_METHOD_MATCH = YES;
				COPY_PHASE_STRIP = NO;
				DEBUG_INFORMATION_FORMAT = "dwarf-with-dsym";
				ENABLE_NS_ASSERTIONS = NO;
				ENABLE_STRICT_OBJC_MSGSEND = YES;
				ENABLE_USER_SCRIPT_SANDBOXING = YES;
				GCC_C_LANGUAGE_STANDARD = gnu17;
				GCC_NO_COMMON_BLOCKS = YES;
				GCC_WARN_64_TO_32_BIT_CONVERSION = YES;
				GCC_WARN_ABOUT_RETURN_TYPE = YES_ERROR;
				GCC_WARN_UNDECLARED_SELECTOR = YES;
				GCC_WARN_UNINITIALIZED_AUTOS = YES_AGGRESSIVE;
				GCC_WARN_UNUSED_FUNCTION = YES;
				GCC_WARN_UNUSED_VARIABLE = YES;
				IPHONEOS_DEPLOYMENT_TARGET = 17.0;
				LOCALIZATION_PREFERS_STRING_CATALOGS = YES;
				MTL_ENABLE_DEBUG_INFO = NO;
				MTL_FAST_MATH = YES;
				SDKROOT = iphoneos;
				SWIFT_COMPILATION_MODE = wholemodule;
				VALIDATE_PRODUCT = YES;
			};
			name = Release;
		};
		A3471C292AA9CF4000076AC2 /* Debug */ = {
			isa = XCBuildConfiguration;
			buildSettings = {
				ASSETCATALOG_COMPILER_APPICON_NAME = AppIcon;
				ASSETCATALOG_COMPILER_GLOBAL_ACCENT_COLOR_NAME = AccentColor;
				CODE_SIGN_STYLE = Automatic;
				CURRENT_PROJECT_VERSION = 1;
				DEVELOPMENT_ASSET_PATHS = "\"TCA_Basics_Tutorial/Preview Content\"";
				DEVELOPMENT_TEAM = Z5SY25G88G;
				ENABLE_PREVIEWS = YES;
				GENERATE_INFOPLIST_FILE = YES;
				INFOPLIST_KEY_UIApplicationSceneManifest_Generation = YES;
				INFOPLIST_KEY_UIApplicationSupportsIndirectInputEvents = YES;
				INFOPLIST_KEY_UILaunchScreen_Generation = YES;
				INFOPLIST_KEY_UISupportedInterfaceOrientations_iPad = "UIInterfaceOrientationPortrait UIInterfaceOrientationPortraitUpsideDown UIInterfaceOrientationLandscapeLeft UIInterfaceOrientationLandscapeRight";
				INFOPLIST_KEY_UISupportedInterfaceOrientations_iPhone = "UIInterfaceOrientationPortrait UIInterfaceOrientationLandscapeLeft UIInterfaceOrientationLandscapeRight";
				LD_RUNPATH_SEARCH_PATHS = (
					"$(inherited)",
					"@executable_path/Frameworks",
				);
				MARKETING_VERSION = 1.0;
				PRODUCT_BUNDLE_IDENTIFIER = "XoXo.TCA-Basics-Tutorial";
				PRODUCT_NAME = "$(TARGET_NAME)";
				SWIFT_EMIT_LOC_STRINGS = YES;
				SWIFT_VERSION = 5.0;
				TARGETED_DEVICE_FAMILY = "1,2";
			};
			name = Debug;
		};
		A3471C2A2AA9CF4000076AC2 /* Release */ = {
			isa = XCBuildConfiguration;
			buildSettings = {
				ASSETCATALOG_COMPILER_APPICON_NAME = AppIcon;
				ASSETCATALOG_COMPILER_GLOBAL_ACCENT_COLOR_NAME = AccentColor;
				CODE_SIGN_STYLE = Automatic;
				CURRENT_PROJECT_VERSION = 1;
				DEVELOPMENT_ASSET_PATHS = "\"TCA_Basics_Tutorial/Preview Content\"";
				DEVELOPMENT_TEAM = Z5SY25G88G;
				ENABLE_PREVIEWS = YES;
				GENERATE_INFOPLIST_FILE = YES;
				INFOPLIST_KEY_UIApplicationSceneManifest_Generation = YES;
				INFOPLIST_KEY_UIApplicationSupportsIndirectInputEvents = YES;
				INFOPLIST_KEY_UILaunchScreen_Generation = YES;
				INFOPLIST_KEY_UISupportedInterfaceOrientations_iPad = "UIInterfaceOrientationPortrait UIInterfaceOrientationPortraitUpsideDown UIInterfaceOrientationLandscapeLeft UIInterfaceOrientationLandscapeRight";
				INFOPLIST_KEY_UISupportedInterfaceOrientations_iPhone = "UIInterfaceOrientationPortrait UIInterfaceOrientationLandscapeLeft UIInterfaceOrientationLandscapeRight";
				LD_RUNPATH_SEARCH_PATHS = (
					"$(inherited)",
					"@executable_path/Frameworks",
				);
				MARKETING_VERSION = 1.0;
				PRODUCT_BUNDLE_IDENTIFIER = "XoXo.TCA-Basics-Tutorial";
				PRODUCT_NAME = "$(TARGET_NAME)";
				SWIFT_EMIT_LOC_STRINGS = YES;
				SWIFT_VERSION = 5.0;
				TARGETED_DEVICE_FAMILY = "1,2";
			};
			name = Release;
		};
		A3471C2C2AA9CF4000076AC2 /* Debug */ = {
			isa = XCBuildConfiguration;
			buildSettings = {
				ALWAYS_EMBED_SWIFT_STANDARD_LIBRARIES = YES;
				BUNDLE_LOADER = "$(TEST_HOST)";
				CODE_SIGN_STYLE = Automatic;
				CURRENT_PROJECT_VERSION = 1;
				DEVELOPMENT_TEAM = Z5SY25G88G;
				GENERATE_INFOPLIST_FILE = YES;
				IPHONEOS_DEPLOYMENT_TARGET = 17.0;
				MARKETING_VERSION = 1.0;
				PRODUCT_BUNDLE_IDENTIFIER = "XoXo.TCA-Basics-TutorialTests";
				PRODUCT_NAME = "$(TARGET_NAME)";
				SWIFT_EMIT_LOC_STRINGS = NO;
				SWIFT_VERSION = 5.0;
				TARGETED_DEVICE_FAMILY = "1,2";
				TEST_HOST = "$(BUILT_PRODUCTS_DIR)/TCA_Basics_Tutorial.app/$(BUNDLE_EXECUTABLE_FOLDER_PATH)/TCA_Basics_Tutorial";
			};
			name = Debug;
		};
		A3471C2D2AA9CF4000076AC2 /* Release */ = {
			isa = XCBuildConfiguration;
			buildSettings = {
				ALWAYS_EMBED_SWIFT_STANDARD_LIBRARIES = YES;
				BUNDLE_LOADER = "$(TEST_HOST)";
				CODE_SIGN_STYLE = Automatic;
				CURRENT_PROJECT_VERSION = 1;
				DEVELOPMENT_TEAM = Z5SY25G88G;
				GENERATE_INFOPLIST_FILE = YES;
				IPHONEOS_DEPLOYMENT_TARGET = 17.0;
				MARKETING_VERSION = 1.0;
				PRODUCT_BUNDLE_IDENTIFIER = "XoXo.TCA-Basics-TutorialTests";
				PRODUCT_NAME = "$(TARGET_NAME)";
				SWIFT_EMIT_LOC_STRINGS = NO;
				SWIFT_VERSION = 5.0;
				TARGETED_DEVICE_FAMILY = "1,2";
				TEST_HOST = "$(BUILT_PRODUCTS_DIR)/TCA_Basics_Tutorial.app/$(BUNDLE_EXECUTABLE_FOLDER_PATH)/TCA_Basics_Tutorial";
			};
			name = Release;
		};
		A3471C2F2AA9CF4000076AC2 /* Debug */ = {
			isa = XCBuildConfiguration;
			buildSettings = {
				ALWAYS_EMBED_SWIFT_STANDARD_LIBRARIES = YES;
				CODE_SIGN_STYLE = Automatic;
				CURRENT_PROJECT_VERSION = 1;
				DEVELOPMENT_TEAM = Z5SY25G88G;
				GENERATE_INFOPLIST_FILE = YES;
				MARKETING_VERSION = 1.0;
				PRODUCT_BUNDLE_IDENTIFIER = "XoXo.TCA-Basics-TutorialUITests";
				PRODUCT_NAME = "$(TARGET_NAME)";
				SWIFT_EMIT_LOC_STRINGS = NO;
				SWIFT_VERSION = 5.0;
				TARGETED_DEVICE_FAMILY = "1,2";
				TEST_TARGET_NAME = TCA_Basics_Tutorial;
			};
			name = Debug;
		};
		A3471C302AA9CF4000076AC2 /* Release */ = {
			isa = XCBuildConfiguration;
			buildSettings = {
				ALWAYS_EMBED_SWIFT_STANDARD_LIBRARIES = YES;
				CODE_SIGN_STYLE = Automatic;
				CURRENT_PROJECT_VERSION = 1;
				DEVELOPMENT_TEAM = Z5SY25G88G;
				GENERATE_INFOPLIST_FILE = YES;
				MARKETING_VERSION = 1.0;
				PRODUCT_BUNDLE_IDENTIFIER = "XoXo.TCA-Basics-TutorialUITests";
				PRODUCT_NAME = "$(TARGET_NAME)";
				SWIFT_EMIT_LOC_STRINGS = NO;
				SWIFT_VERSION = 5.0;
				TARGETED_DEVICE_FAMILY = "1,2";
				TEST_TARGET_NAME = TCA_Basics_Tutorial;
			};
			name = Release;
		};
/* End XCBuildConfiguration section */

/* Begin XCConfigurationList section */
		A3471BFF2AA9CF3E00076AC2 /* Build configuration list for PBXProject "TCA_Basics_Tutorial" */ = {
			isa = XCConfigurationList;
			buildConfigurations = (
				A3471C262AA9CF4000076AC2 /* Debug */,
				A3471C272AA9CF4000076AC2 /* Release */,
			);
			defaultConfigurationIsVisible = 0;
			defaultConfigurationName = Release;
		};
		A3471C282AA9CF4000076AC2 /* Build configuration list for PBXNativeTarget "TCA_Basics_Tutorial" */ = {
			isa = XCConfigurationList;
			buildConfigurations = (
				A3471C292AA9CF4000076AC2 /* Debug */,
				A3471C2A2AA9CF4000076AC2 /* Release */,
			);
			defaultConfigurationIsVisible = 0;
			defaultConfigurationName = Release;
		};
		A3471C2B2AA9CF4000076AC2 /* Build configuration list for PBXNativeTarget "TCA_Basics_TutorialTests" */ = {
			isa = XCConfigurationList;
			buildConfigurations = (
				A3471C2C2AA9CF4000076AC2 /* Debug */,
				A3471C2D2AA9CF4000076AC2 /* Release */,
			);
			defaultConfigurationIsVisible = 0;
			defaultConfigurationName = Release;
		};
		A3471C2E2AA9CF4000076AC2 /* Build configuration list for PBXNativeTarget "TCA_Basics_TutorialUITests" */ = {
			isa = XCConfigurationList;
			buildConfigurations = (
				A3471C2F2AA9CF4000076AC2 /* Debug */,
				A3471C302AA9CF4000076AC2 /* Release */,
			);
			defaultConfigurationIsVisible = 0;
			defaultConfigurationName = Release;
		};
/* End XCConfigurationList section */

/* Begin XCRemoteSwiftPackageReference section */
		A3471C312AA9D12500076AC2 /* XCRemoteSwiftPackageReference "swift-composable-architecture" */ = {
			isa = XCRemoteSwiftPackageReference;
			repositoryURL = "https://github.com/pointfreeco/swift-composable-architecture";
			requirement = {
				kind = upToNextMajorVersion;
				minimumVersion = 1.2.0;
			};
		};
/* End XCRemoteSwiftPackageReference section */

/* Begin XCSwiftPackageProductDependency section */
		A3471C322AA9D12500076AC2 /* ComposableArchitecture */ = {
			isa = XCSwiftPackageProductDependency;
			package = A3471C312AA9D12500076AC2 /* XCRemoteSwiftPackageReference "swift-composable-architecture" */;
			productName = ComposableArchitecture;
		};
/* End XCSwiftPackageProductDependency section */
	};
	rootObject = A3471BFC2AA9CF3E00076AC2 /* Project object */;
}
